
Microsoft Visual Studio Solution File, Format Version 12.00
# Visual Studio Express 2013 for Windows Desktop
VisualStudioVersion = 12.0.30723.0
MinimumVisualStudioVersion = 10.0.40219.1
Project("{F184B08F-C81C-45F6-A57F-5ABD9991F28F}") = "QuestProject", "QuestProject\QuestProject.vbproj", "{DADBC770-E5A2-413B-81CF-DA997DFA53FC}"
EndProject
Global
	GlobalSection(SolutionConfigurationPlatforms) = preSolution
		Debug|Any CPU = Debug|Any CPU
		Release|Any CPU = Release|Any CPU
	EndGlobalSection
	GlobalSection(ProjectConfigurationPlatforms) = postSolution
		{DADBC770-E5A2-413B-81CF-DA997DFA53FC}.Debug|Any CPU.ActiveCfg = Debug|Any CPU
		{DADBC770-E5A2-413B-81CF-DA997DFA53FC}.Debug|Any CPU.Build.0 = Debug|Any CPU
		{DADBC770-E5A2-413B-81CF-DA997DFA53FC}.Release|Any CPU.ActiveCfg = Release|Any CPU
		{DADBC770-E5A2-413B-81CF-DA997DFA53FC}.Release|Any CPU.Build.0 = Release|Any CPU
	EndGlobalSection
	GlobalSection(SolutionProperties) = preSolution
		HideSolutionNode = FALSE
	EndGlobalSection
EndGlobal
